{
  "version": 4,
  "terraform_version": "1.3.6",
  "serial": 216,
  "lineage": "1583ad19-de7d-40c5-2ff9-9fec32162399",
  "outputs": {},
  "resources": [
    {
      "mode": "managed",
      "type": "aws_route53_zone",
      "name": "main",
      "provider": "provider[\"registry.terraform.io/hashicorp/aws\"]",
      "instances": [
        {
          "schema_version": 0,
          "attributes": {
            "arn": "arn:aws:route53:::hostedzone/Z06572143IBTSNWO09R7M",
            "comment": "Managed by Terraform",
            "delegation_set_id": "",
            "force_destroy": false,
            "id": "Z06572143IBTSNWO09R7M",
            "name": "tikaldev.click",
            "name_servers": [
              "ns-1224.awsdns-25.org",
              "ns-1728.awsdns-24.co.uk",
              "ns-478.awsdns-59.com",
              "ns-581.awsdns-08.net"
            ],
            "primary_name_server": "ns-581.awsdns-08.net",
            "tags": {},
            "tags_all": {},
            "vpc": [],
            "zone_id": "Z06572143IBTSNWO09R7M"
          },
          "sensitive_attributes": [],
          "private": "bnVsbA=="
        }
      ]
    }
  ],
  "check_results": null
}
