{
  "version": 4,
  "terraform_version": "1.3.6",
  "serial": 245,
  "lineage": "ca08d2f3-7a9c-2ca9-1bc3-d8552d5b04c9",
  "outputs": {},
  "resources": [
    {
      "mode": "managed",
      "type": "aws_route53_zone",
      "name": "main",
      "provider": "provider[\"registry.terraform.io/hashicorp/aws\"]",
      "instances": [
        {
          "schema_version": 0,
          "attributes": {
            "arn": "arn:aws:route53:::hostedzone/Z00650172NR8WMBVPCPG5",
            "comment": "Managed by Terraform",
            "delegation_set_id": "",
            "force_destroy": false,
            "id": "Z00650172NR8WMBVPCPG5",
            "name": "tikaldev.click",
            "name_servers": [
              "ns-1083.awsdns-07.org",
              "ns-1815.awsdns-34.co.uk",
              "ns-345.awsdns-43.com",
              "ns-940.awsdns-53.net"
            ],
            "primary_name_server": "ns-1815.awsdns-34.co.uk",
            "tags": {},
            "tags_all": {},
            "vpc": [],
            "zone_id": "Z00650172NR8WMBVPCPG5"
          },
          "sensitive_attributes": [],
          "private": "bnVsbA=="
        }
      ]
    }
  ],
  "check_results": null
}
